
Microsoft Visual Studio Solution File, Format Version 12.00
# Visual Studio 15
VisualStudioVersion = 15.0.27130.2010
MinimumVisualStudioVersion = 10.0.40219.1
Project("{8BC9CEB8-8B4A-11D0-8D11-00A0C91BC942}") = "ilamp", "ilamp.vcxproj", "{29D4B289-B012-4E4F-8695-CF13067DFCB5}"
EndProject
Project("{8BC9CEB8-8B4A-11D0-8D11-00A0C91BC942}") = "3d2Nd", "3d2Nd.vcxproj", "{7F6AD3AC-ECD7-45D1-B86B-AE468B9AC4D5}"
EndProject
Project("{8BC9CEB8-8B4A-11D0-8D11-00A0C91BC942}") = "nd2ply", "nd2ply.vcxproj", "{EBCB0C4F-F0D6-4976-B7FF-C0911AC3DF14}"
EndProject
Project("{8BC9CEB8-8B4A-11D0-8D11-00A0C91BC942}") = "ilamp_dll", "ilamp_dll.vcxproj", "{4F62DEFF-F6B7-49E8-A993-DA552D026729}"
EndProject
Project("{8BC9CEB8-8B4A-11D0-8D11-00A0C91BC942}") = "replace_vertices", "replace_vertices.vcxproj", "{217624E2-3239-4CC7-B19A-623B25158657}"
EndProject
Project("{8BC9CEB8-8B4A-11D0-8D11-00A0C91BC942}") = "rbf_sample", "rbf_sample.vcxproj", "{04D2C4C9-4D97-4A11-ADC1-0F5CF6FD7E78}"
EndProject
Project("{8BC9CEB8-8B4A-11D0-8D11-00A0C91BC942}") = "rbf_imp", "rbf_imp.vcxproj", "{32665FF0-E8D7-49AD-93BE-CF713D7CF968}"
EndProject
Project("{8BC9CEB8-8B4A-11D0-8D11-00A0C91BC942}") = "imp", "imp.vcxproj", "{A2EED107-E762-485A-96D0-768B7BB14CCF}"
EndProject
Project("{8BC9CEB8-8B4A-11D0-8D11-00A0C91BC942}") = "pca_image", "pca_image.vcxproj", "{4C68111D-BFE3-4201-8DF3-A4DB3C411C28}"
EndProject
Project("{8BC9CEB8-8B4A-11D0-8D11-00A0C91BC942}") = "detail_displace", "detail_displace.vcxproj", "{CE093A10-A683-4946-AC07-DAEB8AAA9A38}"
EndProject
Global
	GlobalSection(SolutionConfigurationPlatforms) = preSolution
		Debug|x64 = Debug|x64
		Release|x64 = Release|x64
	EndGlobalSection
	GlobalSection(ProjectConfigurationPlatforms) = postSolution
		{29D4B289-B012-4E4F-8695-CF13067DFCB5}.Debug|x64.ActiveCfg = Debug|x64
		{29D4B289-B012-4E4F-8695-CF13067DFCB5}.Debug|x64.Build.0 = Debug|x64
		{29D4B289-B012-4E4F-8695-CF13067DFCB5}.Release|x64.ActiveCfg = Release|x64
		{29D4B289-B012-4E4F-8695-CF13067DFCB5}.Release|x64.Build.0 = Release|x64
		{7F6AD3AC-ECD7-45D1-B86B-AE468B9AC4D5}.Debug|x64.ActiveCfg = Debug|x64
		{7F6AD3AC-ECD7-45D1-B86B-AE468B9AC4D5}.Debug|x64.Build.0 = Debug|x64
		{7F6AD3AC-ECD7-45D1-B86B-AE468B9AC4D5}.Release|x64.ActiveCfg = Release|x64
		{7F6AD3AC-ECD7-45D1-B86B-AE468B9AC4D5}.Release|x64.Build.0 = Release|x64
		{EBCB0C4F-F0D6-4976-B7FF-C0911AC3DF14}.Debug|x64.ActiveCfg = Debug|x64
		{EBCB0C4F-F0D6-4976-B7FF-C0911AC3DF14}.Debug|x64.Build.0 = Debug|x64
		{EBCB0C4F-F0D6-4976-B7FF-C0911AC3DF14}.Release|x64.ActiveCfg = Release|x64
		{EBCB0C4F-F0D6-4976-B7FF-C0911AC3DF14}.Release|x64.Build.0 = Release|x64
		{4F62DEFF-F6B7-49E8-A993-DA552D026729}.Debug|x64.ActiveCfg = Debug|x64
		{4F62DEFF-F6B7-49E8-A993-DA552D026729}.Debug|x64.Build.0 = Debug|x64
		{4F62DEFF-F6B7-49E8-A993-DA552D026729}.Release|x64.ActiveCfg = Release|x64
		{4F62DEFF-F6B7-49E8-A993-DA552D026729}.Release|x64.Build.0 = Release|x64
		{217624E2-3239-4CC7-B19A-623B25158657}.Debug|x64.ActiveCfg = Debug|x64
		{217624E2-3239-4CC7-B19A-623B25158657}.Debug|x64.Build.0 = Debug|x64
		{217624E2-3239-4CC7-B19A-623B25158657}.Debug|x64.Deploy.0 = Debug|x64
		{217624E2-3239-4CC7-B19A-623B25158657}.Release|x64.ActiveCfg = Release|x64
		{217624E2-3239-4CC7-B19A-623B25158657}.Release|x64.Build.0 = Release|x64
		{217624E2-3239-4CC7-B19A-623B25158657}.Release|x64.Deploy.0 = Release|x64
		{04D2C4C9-4D97-4A11-ADC1-0F5CF6FD7E78}.Debug|x64.ActiveCfg = Debug|x64
		{04D2C4C9-4D97-4A11-ADC1-0F5CF6FD7E78}.Debug|x64.Build.0 = Debug|x64
		{04D2C4C9-4D97-4A11-ADC1-0F5CF6FD7E78}.Release|x64.ActiveCfg = Release|x64
		{04D2C4C9-4D97-4A11-ADC1-0F5CF6FD7E78}.Release|x64.Build.0 = Release|x64
		{32665FF0-E8D7-49AD-93BE-CF713D7CF968}.Debug|x64.ActiveCfg = Debug|x64
		{32665FF0-E8D7-49AD-93BE-CF713D7CF968}.Debug|x64.Build.0 = Debug|x64
		{32665FF0-E8D7-49AD-93BE-CF713D7CF968}.Release|x64.ActiveCfg = Release|x64
		{32665FF0-E8D7-49AD-93BE-CF713D7CF968}.Release|x64.Build.0 = Release|x64
		{A2EED107-E762-485A-96D0-768B7BB14CCF}.Debug|x64.ActiveCfg = Debug|x64
		{A2EED107-E762-485A-96D0-768B7BB14CCF}.Debug|x64.Build.0 = Debug|x64
		{A2EED107-E762-485A-96D0-768B7BB14CCF}.Release|x64.ActiveCfg = Release|x64
		{A2EED107-E762-485A-96D0-768B7BB14CCF}.Release|x64.Build.0 = Release|x64
		{4C68111D-BFE3-4201-8DF3-A4DB3C411C28}.Debug|x64.ActiveCfg = Debug|x64
		{4C68111D-BFE3-4201-8DF3-A4DB3C411C28}.Debug|x64.Build.0 = Debug|x64
		{4C68111D-BFE3-4201-8DF3-A4DB3C411C28}.Release|x64.ActiveCfg = Release|x64
		{4C68111D-BFE3-4201-8DF3-A4DB3C411C28}.Release|x64.Build.0 = Release|x64
		{CE093A10-A683-4946-AC07-DAEB8AAA9A38}.Debug|x64.ActiveCfg = Debug|x64
		{CE093A10-A683-4946-AC07-DAEB8AAA9A38}.Debug|x64.Build.0 = Debug|x64
		{CE093A10-A683-4946-AC07-DAEB8AAA9A38}.Release|x64.ActiveCfg = Release|x64
		{CE093A10-A683-4946-AC07-DAEB8AAA9A38}.Release|x64.Build.0 = Release|x64
	EndGlobalSection
	GlobalSection(SolutionProperties) = preSolution
		HideSolutionNode = FALSE
	EndGlobalSection
	GlobalSection(ExtensibilityGlobals) = postSolution
		SolutionGuid = {1437B4F8-8C41-48A6-B6D8-5C9987BB7D0A}
	EndGlobalSection
EndGlobal
